hash: 1b30ed3e71bd4ab386b7d211f7890b3df291b0ead262d95b9c00782f6cd797f1
updated: 2017-07-27T10:20:52.579153231Z
imports:
- name: github.com/google/gopacket
  version: 8af772c0bcc826f671fd7c133917fec9686d720d
  subpackages:
  - layers
  - pcap
- name: github.com/juju/errors
  version: c7d06af17c68cd34c835053720b21f6549d9b0ee
testImports: []
